// !$*UTF8*$!
{
	archiveVersion = 1;
	classes = {
	};
	objectVersion = 46;
	objects = {

/* Begin PBXBuildFile section */
		931EAC48198B965400E03BC8 /* Foundation.framework in Frameworks */ = {isa = PBXBuildFile; fileRef = 931EAC47198B965400E03BC8 /* Foundation.framework */; };
		931EAC4A198B965400E03BC8 /* CoreGraphics.framework in Frameworks */ = {isa = PBXBuildFile; fileRef = 931EAC49198B965400E03BC8 /* CoreGraphics.framework */; };
		931EAC4C198B965400E03BC8 /* UIKit.framework in Frameworks */ = {isa = PBXBuildFile; fileRef = 931EAC4B198B965400E03BC8 /* UIKit.framework */; };
		931EAC52198B965400E03BC8 /* InfoPlist.strings in Resources */ = {isa = PBXBuildFile; fileRef = 931EAC50198B965400E03BC8 /* InfoPlist.strings */; };
		931EAC54198B965400E03BC8 /* main.m in Sources */ = {isa = PBXBuildFile; fileRef = 931EAC53198B965400E03BC8 /* main.m */; };
		931EAC58198B965400E03BC8 /* PLLAppDelegate.m in Sources */ = {isa = PBXBuildFile; fileRef = 931EAC57198B965400E03BC8 /* PLLAppDelegate.m */; };
		931EAC5B198B965400E03BC8 /* Main.storyboard in Resources */ = {isa = PBXBuildFile; fileRef = 931EAC59198B965400E03BC8 /* Main.storyboard */; };
		931EAC5E198B965400E03BC8 /* PLLViewController.m in Sources */ = {isa = PBXBuildFile; fileRef = 931EAC5D198B965400E03BC8 /* PLLViewController.m */; };
		931EAC60198B965400E03BC8 /* Images.xcassets in Resources */ = {isa = PBXBuildFile; fileRef = 931EAC5F198B965400E03BC8 /* Images.xcassets */; };
		931EAC67198B965400E03BC8 /* XCTest.framework in Frameworks */ = {isa = PBXBuildFile; fileRef = 931EAC66198B965400E03BC8 /* XCTest.framework */; };
		931EAC68198B965400E03BC8 /* Foundation.framework in Frameworks */ = {isa = PBXBuildFile; fileRef = 931EAC47198B965400E03BC8 /* Foundation.framework */; };
		931EAC69198B965400E03BC8 /* UIKit.framework in Frameworks */ = {isa = PBXBuildFile; fileRef = 931EAC4B198B965400E03BC8 /* UIKit.framework */; };
		931EAC71198B965400E03BC8 /* InfoPlist.strings in Resources */ = {isa = PBXBuildFile; fileRef = 931EAC6F198B965400E03BC8 /* InfoPlist.strings */; };
		931EAC73198B965400E03BC8 /* DemoForCircleTests.m in Sources */ = {isa = PBXBuildFile; fileRef = 931EAC72198B965400E03BC8 /* DemoForCircleTests.m */; };
		931EAC7F198B967F00E03BC8 /* PLLCircleProgressView.m in Sources */ = {isa = PBXBuildFile; fileRef = 931EAC7E198B967F00E03BC8 /* PLLCircleProgressView.m */; };
/* End PBXBuildFile section */

/* Begin PBXContainerItemProxy section */
		931EAC6A198B965400E03BC8 /* PBXContainerItemProxy */ = {
			isa = PBXContainerItemProxy;
			containerPortal = 931EAC3C198B965400E03BC8 /* Project object */;
			proxyType = 1;
			remoteGlobalIDString = 931EAC43198B965400E03BC8;
			remoteInfo = DemoForCircle;
		};
/* End PBXContainerItemProxy section */

/* Begin PBXFileReference section */
		931EAC44198B965400E03BC8 /* PLLCircleProgress.temp_caseinsensitive_rename.app */ = {isa = PBXFileReference; explicitFileType = wrapper.application; includeInIndex = 0; path = PLLCircleProgress.temp_caseinsensitive_rename.app; sourceTree = BUILT_PRODUCTS_DIR; };
		931EAC47198B965400E03BC8 /* Foundation.framework */ = {isa = PBXFileReference; lastKnownFileType = wrapper.framework; name = Foundation.framework; path = System/Library/Frameworks/Foundation.framework; sourceTree = SDKROOT; };
		931EAC49198B965400E03BC8 /* CoreGraphics.framework */ = {isa = PBXFileReference; lastKnownFileType = wrapper.framework; name = CoreGraphics.framework; path = System/Library/Frameworks/CoreGraphics.framework; sourceTree = SDKROOT; };
		931EAC4B198B965400E03BC8 /* UIKit.framework */ = {isa = PBXFileReference; lastKnownFileType = wrapper.framework; name = UIKit.framework; path = System/Library/Frameworks/UIKit.framework; sourceTree = SDKROOT; };
		931EAC4F198B965400E03BC8 /* PLLCircleProgress.temp_caseinsensitive_rename-Info.plist */ = {isa = PBXFileReference; lastKnownFileType = text.plist.xml; path = "PLLCircleProgress.temp_caseinsensitive_rename-Info.plist"; sourceTree = "<group>"; };
		931EAC51198B965400E03BC8 /* en */ = {isa = PBXFileReference; lastKnownFileType = text.plist.strings; name = en; path = en.lproj/InfoPlist.strings; sourceTree = "<group>"; };
		931EAC53198B965400E03BC8 /* main.m */ = {isa = PBXFileReference; lastKnownFileType = sourcecode.c.objc; path = main.m; sourceTree = "<group>"; };
		931EAC55198B965400E03BC8 /* PLLCircleProgress.temp_caseinsensitive_rename-Prefix.pch */ = {isa = PBXFileReference; lastKnownFileType = sourcecode.c.h; path = "PLLCircleProgress.temp_caseinsensitive_rename-Prefix.pch"; sourceTree = "<group>"; };
		931EAC56198B965400E03BC8 /* PLLAppDelegate.h */ = {isa = PBXFileReference; lastKnownFileType = sourcecode.c.h; path = PLLAppDelegate.h; sourceTree = "<group>"; };
		931EAC57198B965400E03BC8 /* PLLAppDelegate.m */ = {isa = PBXFileReference; lastKnownFileType = sourcecode.c.objc; path = PLLAppDelegate.m; sourceTree = "<group>"; };
		931EAC5A198B965400E03BC8 /* Base */ = {isa = PBXFileReference; lastKnownFileType = file.storyboard; name = Base; path = Base.lproj/Main.storyboard; sourceTree = "<group>"; };
		931EAC5C198B965400E03BC8 /* PLLViewController.h */ = {isa = PBXFileReference; lastKnownFileType = sourcecode.c.h; path = PLLViewController.h; sourceTree = "<group>"; };
		931EAC5D198B965400E03BC8 /* PLLViewController.m */ = {isa = PBXFileReference; lastKnownFileType = sourcecode.c.objc; path = PLLViewController.m; sourceTree = "<group>"; };
		931EAC5F198B965400E03BC8 /* Images.xcassets */ = {isa = PBXFileReference; lastKnownFileType = folder.assetcatalog; path = Images.xcassets; sourceTree = "<group>"; };
		931EAC65198B965400E03BC8 /* PLLCircleProgress.temp_caseinsensitive_renameTests.xctest */ = {isa = PBXFileReference; explicitFileType = wrapper.cfbundle; includeInIndex = 0; path = PLLCircleProgress.temp_caseinsensitive_renameTests.xctest; sourceTree = BUILT_PRODUCTS_DIR; };
		931EAC66198B965400E03BC8 /* XCTest.framework */ = {isa = PBXFileReference; lastKnownFileType = wrapper.framework; name = XCTest.framework; path = Library/Frameworks/XCTest.framework; sourceTree = DEVELOPER_DIR; };
		931EAC6E198B965400E03BC8 /* PLLCircleProgress.temp_caseinsensitive_renameTests-Info.plist */ = {isa = PBXFileReference; lastKnownFileType = text.plist.xml; path = "PLLCircleProgress.temp_caseinsensitive_renameTests-Info.plist"; sourceTree = "<group>"; };
		931EAC70198B965400E03BC8 /* en */ = {isa = PBXFileReference; lastKnownFileType = text.plist.strings; name = en; path = en.lproj/InfoPlist.strings; sourceTree = "<group>"; };
		931EAC72198B965400E03BC8 /* DemoForCircleTests.m */ = {isa = PBXFileReference; lastKnownFileType = sourcecode.c.objc; path = DemoForCircleTests.m; sourceTree = "<group>"; };
		931EAC7D198B967F00E03BC8 /* PLLCircleProgressView.h */ = {isa = PBXFileReference; fileEncoding = 4; lastKnownFileType = sourcecode.c.h; path = PLLCircleProgressView.h; sourceTree = "<group>"; };
		931EAC7E198B967F00E03BC8 /* PLLCircleProgressView.m */ = {isa = PBXFileReference; fileEncoding = 4; lastKnownFileType = sourcecode.c.objc; path = PLLCircleProgressView.m; sourceTree = "<group>"; };
/* End PBXFileReference section */

/* Begin PBXFrameworksBuildPhase section */
		931EAC41198B965400E03BC8 /* Frameworks */ = {
			isa = PBXFrameworksBuildPhase;
			buildActionMask = 2147483647;
			files = (
				931EAC4A198B965400E03BC8 /* CoreGraphics.framework in Frameworks */,
				931EAC4C198B965400E03BC8 /* UIKit.framework in Frameworks */,
				931EAC48198B965400E03BC8 /* Foundation.framework in Frameworks */,
			);
			runOnlyForDeploymentPostprocessing = 0;
		};
		931EAC62198B965400E03BC8 /* Frameworks */ = {
			isa = PBXFrameworksBuildPhase;
			buildActionMask = 2147483647;
			files = (
				931EAC67198B965400E03BC8 /* XCTest.framework in Frameworks */,
				931EAC69198B965400E03BC8 /* UIKit.framework in Frameworks */,
				931EAC68198B965400E03BC8 /* Foundation.framework in Frameworks */,
			);
			runOnlyForDeploymentPostprocessing = 0;
		};
/* End PBXFrameworksBuildPhase section */

/* Begin PBXGroup section */
		931EAC3B198B965400E03BC8 = {
			isa = PBXGroup;
			children = (
				931EAC4D198B965400E03BC8 /* PLLCircleProgress */,
				931EAC6C198B965400E03BC8 /* DemoForCircleTests */,
				931EAC46198B965400E03BC8 /* Frameworks */,
				931EAC45198B965400E03BC8 /* Products */,
			);
			sourceTree = "<group>";
		};
		931EAC45198B965400E03BC8 /* Products */ = {
			isa = PBXGroup;
			children = (
				931EAC44198B965400E03BC8 /* PLLCircleProgress.temp_caseinsensitive_rename.app */,
				931EAC65198B965400E03BC8 /* PLLCircleProgress.temp_caseinsensitive_renameTests.xctest */,
			);
			name = Products;
			sourceTree = "<group>";
		};
		931EAC46198B965400E03BC8 /* Frameworks */ = {
			isa = PBXGroup;
			children = (
				931EAC47198B965400E03BC8 /* Foundation.framework */,
				931EAC49198B965400E03BC8 /* CoreGraphics.framework */,
				931EAC4B198B965400E03BC8 /* UIKit.framework */,
				931EAC66198B965400E03BC8 /* XCTest.framework */,
			);
			name = Frameworks;
			sourceTree = "<group>";
		};
		931EAC4D198B965400E03BC8 /* PLLCircleProgress */ = {
			isa = PBXGroup;
			children = (
				931EAC7C198B965B00E03BC8 /* PLLCircleProgress */,
				931EAC56198B965400E03BC8 /* PLLAppDelegate.h */,
				931EAC57198B965400E03BC8 /* PLLAppDelegate.m */,
				931EAC59198B965400E03BC8 /* Main.storyboard */,
				931EAC5C198B965400E03BC8 /* PLLViewController.h */,
				931EAC5D198B965400E03BC8 /* PLLViewController.m */,
				931EAC5F198B965400E03BC8 /* Images.xcassets */,
				931EAC4E198B965400E03BC8 /* Supporting Files */,
			);
			name = PLLCircleProgress;
			path = DemoForCircle;
			sourceTree = "<group>";
		};
		931EAC4E198B965400E03BC8 /* Supporting Files */ = {
			isa = PBXGroup;
			children = (
				931EAC4F198B965400E03BC8 /* PLLCircleProgress.temp_caseinsensitive_rename-Info.plist */,
				931EAC50198B965400E03BC8 /* InfoPlist.strings */,
				931EAC53198B965400E03BC8 /* main.m */,
				931EAC55198B965400E03BC8 /* PLLCircleProgress.temp_caseinsensitive_rename-Prefix.pch */,
			);
			name = "Supporting Files";
			sourceTree = "<group>";
		};
		931EAC6C198B965400E03BC8 /* DemoForCircleTests */ = {
			isa = PBXGroup;
			children = (
				931EAC72198B965400E03BC8 /* DemoForCircleTests.m */,
				931EAC6D198B965400E03BC8 /* Supporting Files */,
			);
			path = DemoForCircleTests;
			sourceTree = "<group>";
		};
		931EAC6D198B965400E03BC8 /* Supporting Files */ = {
			isa = PBXGroup;
			children = (
				931EAC6E198B965400E03BC8 /* PLLCircleProgress.temp_caseinsensitive_renameTests-Info.plist */,
				931EAC6F198B965400E03BC8 /* InfoPlist.strings */,
			);
			name = "Supporting Files";
			sourceTree = "<group>";
		};
		931EAC7C198B965B00E03BC8 /* PLLCircleProgress */ = {
			isa = PBXGroup;
			children = (
				931EAC7D198B967F00E03BC8 /* PLLCircleProgressView.h */,
				931EAC7E198B967F00E03BC8 /* PLLCircleProgressView.m */,
			);
			name = PLLCircleProgress;
			sourceTree = "<group>";
		};
/* End PBXGroup section */

/* Begin PBXNativeTarget section */
		931EAC43198B965400E03BC8 /* PLLCircleProgress.temp_caseinsensitive_rename */ = {
			isa = PBXNativeTarget;
			buildConfigurationList = 931EAC76198B965400E03BC8 /* Build configuration list for PBXNativeTarget "PLLCircleProgress.temp_caseinsensitive_rename" */;
			buildPhases = (
				931EAC40198B965400E03BC8 /* Sources */,
				931EAC41198B965400E03BC8 /* Frameworks */,
				931EAC42198B965400E03BC8 /* Resources */,
			);
			buildRules = (
			);
			dependencies = (
			);
			name = PLLCircleProgress.temp_caseinsensitive_rename;
			productName = DemoForCircle;
			productReference = 931EAC44198B965400E03BC8 /* PLLCircleProgress.temp_caseinsensitive_rename.app */;
			productType = "com.apple.product-type.application";
		};
		931EAC64198B965400E03BC8 /* PLLCircleProgress.temp_caseinsensitive_renameTests */ = {
			isa = PBXNativeTarget;
			buildConfigurationList = 931EAC79198B965400E03BC8 /* Build configuration list for PBXNativeTarget "PLLCircleProgress.temp_caseinsensitive_renameTests" */;
			buildPhases = (
				931EAC61198B965400E03BC8 /* Sources */,
				931EAC62198B965400E03BC8 /* Frameworks */,
				931EAC63198B965400E03BC8 /* Resources */,
			);
			buildRules = (
			);
			dependencies = (
				931EAC6B198B965400E03BC8 /* PBXTargetDependency */,
			);
			name = PLLCircleProgress.temp_caseinsensitive_renameTests;
			productName = DemoForCircleTests;
			productReference = 931EAC65198B965400E03BC8 /* PLLCircleProgress.temp_caseinsensitive_renameTests.xctest */;
			productType = "com.apple.product-type.bundle.unit-test";
		};
/* End PBXNativeTarget section */

/* Begin PBXProject section */
		931EAC3C198B965400E03BC8 /* Project object */ = {
			isa = PBXProject;
			attributes = {
				CLASSPREFIX = PLL;
				LastUpgradeCheck = 0510;
				ORGANIZATIONNAME = "liu poolo";
				TargetAttributes = {
					931EAC64198B965400E03BC8 = {
						TestTargetID = 931EAC43198B965400E03BC8;
					};
				};
			};
			buildConfigurationList = 931EAC3F198B965400E03BC8 /* Build configuration list for PBXProject "PLLCircleProgress" */;
			compatibilityVersion = "Xcode 3.2";
			developmentRegion = English;
			hasScannedForEncodings = 0;
			knownRegions = (
				en,
				Base,
			);
			mainGroup = 931EAC3B198B965400E03BC8;
			productRefGroup = 931EAC45198B965400E03BC8 /* Products */;
			projectDirPath = "";
			projectRoot = "";
			targets = (
				931EAC43198B965400E03BC8 /* PLLCircleProgress.temp_caseinsensitive_rename */,
				931EAC64198B965400E03BC8 /* PLLCircleProgress.temp_caseinsensitive_renameTests */,
			);
		};
/* End PBXProject section */

/* Begin PBXResourcesBuildPhase section */
		931EAC42198B965400E03BC8 /* Resources */ = {
			isa = PBXResourcesBuildPhase;
			buildActionMask = 2147483647;
			files = (
				931EAC60198B965400E03BC8 /* Images.xcassets in Resources */,
				931EAC52198B965400E03BC8 /* InfoPlist.strings in Resources */,
				931EAC5B198B965400E03BC8 /* Main.storyboard in Resources */,
			);
			runOnlyForDeploymentPostprocessing = 0;
		};
		931EAC63198B965400E03BC8 /* Resources */ = {
			isa = PBXResourcesBuildPhase;
			buildActionMask = 2147483647;
			files = (
				931EAC71198B965400E03BC8 /* InfoPlist.strings in Resources */,
			);
			runOnlyForDeploymentPostprocessing = 0;
		};
/* End PBXResourcesBuildPhase section */

/* Begin PBXSourcesBuildPhase section */
		931EAC40198B965400E03BC8 /* Sources */ = {
			isa = PBXSourcesBuildPhase;
			buildActionMask = 2147483647;
			files = (
				931EAC54198B965400E03BC8 /* main.m in Sources */,
				931EAC5E198B965400E03BC8 /* PLLViewController.m in Sources */,
				931EAC58198B965400E03BC8 /* PLLAppDelegate.m in Sources */,
				931EAC7F198B967F00E03BC8 /* PLLCircleProgressView.m in Sources */,
			);
			runOnlyForDeploymentPostprocessing = 0;
		};
		931EAC61198B965400E03BC8 /* Sources */ = {
			isa = PBXSourcesBuildPhase;
			buildActionMask = 2147483647;
			files = (
				931EAC73198B965400E03BC8 /* DemoForCircleTests.m in Sources */,
			);
			runOnlyForDeploymentPostprocessing = 0;
		};
/* End PBXSourcesBuildPhase section */

/* Begin PBXTargetDependency section */
		931EAC6B198B965400E03BC8 /* PBXTargetDependency */ = {
			isa = PBXTargetDependency;
			target = 931EAC43198B965400E03BC8 /* PLLCircleProgress.temp_caseinsensitive_rename */;
			targetProxy = 931EAC6A198B965400E03BC8 /* PBXContainerItemProxy */;
		};
/* End PBXTargetDependency section */

/* Begin PBXVariantGroup section */
		931EAC50198B965400E03BC8 /* InfoPlist.strings */ = {
			isa = PBXVariantGroup;
			children = (
				931EAC51198B965400E03BC8 /* en */,
			);
			name = InfoPlist.strings;
			sourceTree = "<group>";
		};
		931EAC59198B965400E03BC8 /* Main.storyboard */ = {
			isa = PBXVariantGroup;
			children = (
				931EAC5A198B965400E03BC8 /* Base */,
			);
			name = Main.storyboard;
			sourceTree = "<group>";
		};
		931EAC6F198B965400E03BC8 /* InfoPlist.strings */ = {
			isa = PBXVariantGroup;
			children = (
				931EAC70198B965400E03BC8 /* en */,
			);
			name = InfoPlist.strings;
			sourceTree = "<group>";
		};
/* End PBXVariantGroup section */

/* Begin XCBuildConfiguration section */
		931EAC74198B965400E03BC8 /* Debug */ = {
			isa = XCBuildConfiguration;
			buildSettings = {
				ALWAYS_SEARCH_USER_PATHS = NO;
				CLANG_CXX_LANGUAGE_STANDARD = "gnu++0x";
				CLANG_CXX_LIBRARY = "libc++";
				CLANG_ENABLE_MODULES = YES;
				CLANG_ENABLE_OBJC_ARC = YES;
				CLANG_WARN_BOOL_CONVERSION = YES;
				CLANG_WARN_CONSTANT_CONVERSION = YES;
				CLANG_WARN_DIRECT_OBJC_ISA_USAGE = YES_ERROR;
				CLANG_WARN_EMPTY_BODY = YES;
				CLANG_WARN_ENUM_CONVERSION = YES;
				CLANG_WARN_INT_CONVERSION = YES;
				CLANG_WARN_OBJC_ROOT_CLASS = YES_ERROR;
				CLANG_WARN__DUPLICATE_METHOD_MATCH = YES;
				"CODE_SIGN_IDENTITY[sdk=iphoneos*]" = "iPhone Developer";
				COPY_PHASE_STRIP = NO;
				GCC_C_LANGUAGE_STANDARD = gnu99;
				GCC_DYNAMIC_NO_PIC = NO;
				GCC_OPTIMIZATION_LEVEL = 0;
				GCC_PREPROCESSOR_DEFINITIONS = (
					"DEBUG=1",
					"$(inherited)",
				);
				GCC_SYMBOLS_PRIVATE_EXTERN = NO;
				GCC_WARN_64_TO_32_BIT_CONVERSION = YES;
				GCC_WARN_ABOUT_RETURN_TYPE = YES_ERROR;
				GCC_WARN_UNDECLARED_SELECTOR = YES;
				GCC_WARN_UNINITIALIZED_AUTOS = YES_AGGRESSIVE;
				GCC_WARN_UNUSED_FUNCTION = YES;
				GCC_WARN_UNUSED_VARIABLE = YES;
				IPHONEOS_DEPLOYMENT_TARGET = 7.1;
				ONLY_ACTIVE_ARCH = YES;
				SDKROOT = iphoneos;
			};
			name = Debug;
		};
		931EAC75198B965400E03BC8 /* Release */ = {
			isa = XCBuildConfiguration;
			buildSettings = {
				ALWAYS_SEARCH_USER_PATHS = NO;
				CLANG_CXX_LANGUAGE_STANDARD = "gnu++0x";
				CLANG_CXX_LIBRARY = "libc++";
				CLANG_ENABLE_MODULES = YES;
				CLANG_ENABLE_OBJC_ARC = YES;
				CLANG_WARN_BOOL_CONVERSION = YES;
				CLANG_WARN_CONSTANT_CONVERSION = YES;
				CLANG_WARN_DIRECT_OBJC_ISA_USAGE = YES_ERROR;
				CLANG_WARN_EMPTY_BODY = YES;
				CLANG_WARN_ENUM_CONVERSION = YES;
				CLANG_WARN_INT_CONVERSION = YES;
				CLANG_WARN_OBJC_ROOT_CLASS = YES_ERROR;
				CLANG_WARN__DUPLICATE_METHOD_MATCH = YES;
				"CODE_SIGN_IDENTITY[sdk=iphoneos*]" = "iPhone Developer";
				COPY_PHASE_STRIP = YES;
				ENABLE_NS_ASSERTIONS = NO;
				GCC_C_LANGUAGE_STANDARD = gnu99;
				GCC_WARN_64_TO_32_BIT_CONVERSION = YES;
				GCC_WARN_ABOUT_RETURN_TYPE = YES_ERROR;
				GCC_WARN_UNDECLARED_SELECTOR = YES;
				GCC_WARN_UNINITIALIZED_AUTOS = YES_AGGRESSIVE;
				GCC_WARN_UNUSED_FUNCTION = YES;
				GCC_WARN_UNUSED_VARIABLE = YES;
				IPHONEOS_DEPLOYMENT_TARGET = 7.1;
				SDKROOT = iphoneos;
				VALIDATE_PRODUCT = YES;
			};
			name = Release;
		};
		931EAC77198B965400E03BC8 /* Debug */ = {
			isa = XCBuildConfiguration;
			buildSettings = {
				ASSETCATALOG_COMPILER_APPICON_NAME = AppIcon;
				ASSETCATALOG_COMPILER_LAUNCHIMAGE_NAME = LaunchImage;
				GCC_PRECOMPILE_PREFIX_HEADER = YES;
				GCC_PREFIX_HEADER = "DemoForCircle/PLLCircleProgress.temp_caseinsensitive_rename-Prefix.pch";
				INFOPLIST_FILE = "DemoForCircle/PLLCircleProgress.temp_caseinsensitive_rename-Info.plist";
				PRODUCT_NAME = PLLCircleProgress.temp_caseinsensitive_rename;
				WRAPPER_EXTENSION = app;
			};
			name = Debug;
		};
		931EAC78198B965400E03BC8 /* Release */ = {
			isa = XCBuildConfiguration;
			buildSettings = {
				ASSETCATALOG_COMPILER_APPICON_NAME = AppIcon;
				ASSETCATALOG_COMPILER_LAUNCHIMAGE_NAME = LaunchImage;
				GCC_PRECOMPILE_PREFIX_HEADER = YES;
				GCC_PREFIX_HEADER = "DemoForCircle/PLLCircleProgress.temp_caseinsensitive_rename-Prefix.pch";
				INFOPLIST_FILE = "DemoForCircle/PLLCircleProgress.temp_caseinsensitive_rename-Info.plist";
				PRODUCT_NAME = PLLCircleProgress.temp_caseinsensitive_rename;
				WRAPPER_EXTENSION = app;
			};
			name = Release;
		};
		931EAC7A198B965400E03BC8 /* Debug */ = {
			isa = XCBuildConfiguration;
			buildSettings = {
				BUNDLE_LOADER = "$(BUILT_PRODUCTS_DIR)/DemoForCircle.app/DemoForCircle";
				FRAMEWORK_SEARCH_PATHS = (
					"$(SDKROOT)/Developer/Library/Frameworks",
					"$(inherited)",
					"$(DEVELOPER_FRAMEWORKS_DIR)",
				);
				GCC_PRECOMPILE_PREFIX_HEADER = YES;
				GCC_PREFIX_HEADER = "DemoForCircle/DemoForCircle-Prefix.pch";
				GCC_PREPROCESSOR_DEFINITIONS = (
					"DEBUG=1",
					"$(inherited)",
				);
				INFOPLIST_FILE = "DemoForCircleTests/PLLCircleProgress.temp_caseinsensitive_renameTests-Info.plist";
				PRODUCT_NAME = PLLCircleProgress.temp_caseinsensitive_renameTests;
				TEST_HOST = "$(BUNDLE_LOADER)";
				WRAPPER_EXTENSION = xctest;
			};
			name = Debug;
		};
		931EAC7B198B965400E03BC8 /* Release */ = {
			isa = XCBuildConfiguration;
			buildSettings = {
				BUNDLE_LOADER = "$(BUILT_PRODUCTS_DIR)/DemoForCircle.app/DemoForCircle";
				FRAMEWORK_SEARCH_PATHS = (
					"$(SDKROOT)/Developer/Library/Frameworks",
					"$(inherited)",
					"$(DEVELOPER_FRAMEWORKS_DIR)",
				);
				GCC_PRECOMPILE_PREFIX_HEADER = YES;
				GCC_PREFIX_HEADER = "DemoForCircle/DemoForCircle-Prefix.pch";
				INFOPLIST_FILE = "DemoForCircleTests/PLLCircleProgress.temp_caseinsensitive_renameTests-Info.plist";
				PRODUCT_NAME = PLLCircleProgress.temp_caseinsensitive_renameTests;
				TEST_HOST = "$(BUNDLE_LOADER)";
				WRAPPER_EXTENSION = xctest;
			};
			name = Release;
		};
/* End XCBuildConfiguration section */

/* Begin XCConfigurationList section */
		931EAC3F198B965400E03BC8 /* Build configuration list for PBXProject "PLLCircleProgress" */ = {
			isa = XCConfigurationList;
			buildConfigurations = (
				931EAC74198B965400E03BC8 /* Debug */,
				931EAC75198B965400E03BC8 /* Release */,
			);
			defaultConfigurationIsVisible = 0;
			defaultConfigurationName = Release;
		};
		931EAC76198B965400E03BC8 /* Build configuration list for PBXNativeTarget "PLLCircleProgress.temp_caseinsensitive_rename" */ = {
			isa = XCConfigurationList;
			buildConfigurations = (
				931EAC77198B965400E03BC8 /* Debug */,
				931EAC78198B965400E03BC8 /* Release */,
			);
			defaultConfigurationIsVisible = 0;
			defaultConfigurationName = Release;
		};
		931EAC79198B965400E03BC8 /* Build configuration list for PBXNativeTarget "PLLCircleProgress.temp_caseinsensitive_renameTests" */ = {
			isa = XCConfigurationList;
			buildConfigurations = (
				931EAC7A198B965400E03BC8 /* Debug */,
				931EAC7B198B965400E03BC8 /* Release */,
			);
			defaultConfigurationIsVisible = 0;
			defaultConfigurationName = Release;
		};
/* End XCConfigurationList section */
	};
	rootObject = 931EAC3C198B965400E03BC8 /* Project object */;
}
